// !$*UTF8*$!
{
	archiveVersion = 1;
	classes = {
	};
	objectVersion = 50;
	objects = {

/* Begin PBXBuildFile section */
		6102ADBB214C6CDF00576A3B /* AppDelegate.swift in Sources */ = {isa = PBXBuildFile; fileRef = 6102ADBA214C6CDF00576A3B /* AppDelegate.swift */; };
		6102ADBD214C6CDF00576A3B /* MasterViewController.swift in Sources */ = {isa = PBXBuildFile; fileRef = 6102ADBC214C6CDF00576A3B /* MasterViewController.swift */; };
		6102ADBF214C6CDF00576A3B /* DetailViewController.swift in Sources */ = {isa = PBXBuildFile; fileRef = 6102ADBE214C6CDF00576A3B /* DetailViewController.swift */; };
		6102ADC2214C6CDF00576A3B /* Main.storyboard in Resources */ = {isa = PBXBuildFile; fileRef = 6102ADC0214C6CDF00576A3B /* Main.storyboard */; };
		6102ADC4214C6CE000576A3B /* Assets.xcassets in Resources */ = {isa = PBXBuildFile; fileRef = 6102ADC3214C6CE000576A3B /* Assets.xcassets */; };
		6102ADC7214C6CE000576A3B /* LaunchScreen.storyboard in Resources */ = {isa = PBXBuildFile; fileRef = 6102ADC5214C6CE000576A3B /* LaunchScreen.storyboard */; };
		6102ADD2214C6CE000576A3B /* plasticfishes_mvzTests.swift in Sources */ = {isa = PBXBuildFile; fileRef = 6102ADD1214C6CE000576A3B /* plasticfishes_mvzTests.swift */; };
		61D7049A214C834800CF09E4 /* DataSource.swift in Sources */ = {isa = PBXBuildFile; fileRef = 61D70499214C834800CF09E4 /* DataSource.swift */; };
		61D7049C214C840F00CF09E4 /* Fish.swift in Sources */ = {isa = PBXBuildFile; fileRef = 61D7049B214C840F00CF09E4 /* Fish.swift */; };
		61D704A0214C880E00CF09E4 /* FishService.swift in Sources */ = {isa = PBXBuildFile; fileRef = 61D7049F214C880E00CF09E4 /* FishService.swift */; };
/* End PBXBuildFile section */

/* Begin PBXContainerItemProxy section */
		6102ADCE214C6CE000576A3B /* PBXContainerItemProxy */ = {
			isa = PBXContainerItemProxy;
			containerPortal = 6102ADAF214C6CDF00576A3B /* Project object */;
			proxyType = 1;
			remoteGlobalIDString = 6102ADB6214C6CDF00576A3B;
			remoteInfo = plasticfishes_mvz;
		};
/* End PBXContainerItemProxy section */

/* Begin PBXFileReference section */
		6102ADB7214C6CDF00576A3B /* plasticfishes_mvz.app */ = {isa = PBXFileReference; explicitFileType = wrapper.application; includeInIndex = 0; path = plasticfishes_mvz.app; sourceTree = BUILT_PRODUCTS_DIR; };
		6102ADBA214C6CDF00576A3B /* AppDelegate.swift */ = {isa = PBXFileReference; lastKnownFileType = sourcecode.swift; path = AppDelegate.swift; sourceTree = "<group>"; };
		6102ADBC214C6CDF00576A3B /* MasterViewController.swift */ = {isa = PBXFileReference; lastKnownFileType = sourcecode.swift; path = MasterViewController.swift; sourceTree = "<group>"; };
		6102ADBE214C6CDF00576A3B /* DetailViewController.swift */ = {isa = PBXFileReference; lastKnownFileType = sourcecode.swift; path = DetailViewController.swift; sourceTree = "<group>"; };
		6102ADC1214C6CDF00576A3B /* Base */ = {isa = PBXFileReference; lastKnownFileType = file.storyboard; name = Base; path = Base.lproj/Main.storyboard; sourceTree = "<group>"; };
		6102ADC3214C6CE000576A3B /* Assets.xcassets */ = {isa = PBXFileReference; lastKnownFileType = folder.assetcatalog; path = Assets.xcassets; sourceTree = "<group>"; };
		6102ADC6214C6CE000576A3B /* Base */ = {isa = PBXFileReference; lastKnownFileType = file.storyboard; name = Base; path = Base.lproj/LaunchScreen.storyboard; sourceTree = "<group>"; };
		6102ADC8214C6CE000576A3B /* Info.plist */ = {isa = PBXFileReference; lastKnownFileType = text.plist.xml; path = Info.plist; sourceTree = "<group>"; };
		6102ADCD214C6CE000576A3B /* plasticfishes_mvzTests.xctest */ = {isa = PBXFileReference; explicitFileType = wrapper.cfbundle; includeInIndex = 0; path = plasticfishes_mvzTests.xctest; sourceTree = BUILT_PRODUCTS_DIR; };
		6102ADD1214C6CE000576A3B /* plasticfishes_mvzTests.swift */ = {isa = PBXFileReference; lastKnownFileType = sourcecode.swift; path = plasticfishes_mvzTests.swift; sourceTree = "<group>"; };
		6102ADD3214C6CE000576A3B /* Info.plist */ = {isa = PBXFileReference; lastKnownFileType = text.plist.xml; path = Info.plist; sourceTree = "<group>"; };
		61D70499214C834800CF09E4 /* DataSource.swift */ = {isa = PBXFileReference; lastKnownFileType = sourcecode.swift; path = DataSource.swift; sourceTree = "<group>"; };
		61D7049B214C840F00CF09E4 /* Fish.swift */ = {isa = PBXFileReference; lastKnownFileType = sourcecode.swift; path = Fish.swift; sourceTree = "<group>"; };
		61D7049F214C880E00CF09E4 /* FishService.swift */ = {isa = PBXFileReference; lastKnownFileType = sourcecode.swift; path = FishService.swift; sourceTree = "<group>"; };
/* End PBXFileReference section */

/* Begin PBXFrameworksBuildPhase section */
		6102ADB4214C6CDF00576A3B /* Frameworks */ = {
			isa = PBXFrameworksBuildPhase;
			buildActionMask = 2147483647;
			files = (
			);
			runOnlyForDeploymentPostprocessing = 0;
		};
		6102ADCA214C6CE000576A3B /* Frameworks */ = {
			isa = PBXFrameworksBuildPhase;
			buildActionMask = 2147483647;
			files = (
			);
			runOnlyForDeploymentPostprocessing = 0;
		};
/* End PBXFrameworksBuildPhase section */

/* Begin PBXGroup section */
		6102ADAE214C6CDF00576A3B = {
			isa = PBXGroup;
			children = (
				6102ADB9214C6CDF00576A3B /* plasticfishes_mvz */,
				6102ADD0214C6CE000576A3B /* plasticfishes_mvzTests */,
				6102ADB8214C6CDF00576A3B /* Products */,
			);
			sourceTree = "<group>";
		};
		6102ADB8214C6CDF00576A3B /* Products */ = {
			isa = PBXGroup;
			children = (
				6102ADB7214C6CDF00576A3B /* plasticfishes_mvz.app */,
				6102ADCD214C6CE000576A3B /* plasticfishes_mvzTests.xctest */,
			);
			name = Products;
			sourceTree = "<group>";
		};
		6102ADB9214C6CDF00576A3B /* plasticfishes_mvz */ = {
			isa = PBXGroup;
			children = (
				61D7049E214C879D00CF09E4 /* services */,
				61D7049D214C874E00CF09E4 /* network */,
				6102ADDD214C712400576A3B /* models */,
				6102ADDE214C712D00576A3B /* controllers */,
				6102ADDF214C713B00576A3B /* views */,
				6102ADBA214C6CDF00576A3B /* AppDelegate.swift */,
				6102ADC0214C6CDF00576A3B /* Main.storyboard */,
				6102ADC3214C6CE000576A3B /* Assets.xcassets */,
				6102ADC5214C6CE000576A3B /* LaunchScreen.storyboard */,
				6102ADC8214C6CE000576A3B /* Info.plist */,
			);
			path = plasticfishes_mvz;
			sourceTree = "<group>";
		};
		6102ADD0214C6CE000576A3B /* plasticfishes_mvzTests */ = {
			isa = PBXGroup;
			children = (
				6102ADD1214C6CE000576A3B /* plasticfishes_mvzTests.swift */,
				6102ADD3214C6CE000576A3B /* Info.plist */,
			);
			path = plasticfishes_mvzTests;
			sourceTree = "<group>";
		};
		6102ADDD214C712400576A3B /* models */ = {
			isa = PBXGroup;
			children = (
				61D7049B214C840F00CF09E4 /* Fish.swift */,
			);
			path = models;
			sourceTree = "<group>";
		};
		6102ADDE214C712D00576A3B /* controllers */ = {
			isa = PBXGroup;
			children = (
				6102ADBC214C6CDF00576A3B /* MasterViewController.swift */,
				6102ADBE214C6CDF00576A3B /* DetailViewController.swift */,
			);
			path = controllers;
			sourceTree = "<group>";
		};
		6102ADDF214C713B00576A3B /* views */ = {
			isa = PBXGroup;
			children = (
			);
			path = views;
			sourceTree = "<group>";
		};
		61D7049D214C874E00CF09E4 /* network */ = {
			isa = PBXGroup;
			children = (
				61D70499214C834800CF09E4 /* DataSource.swift */,
			);
			path = network;
			sourceTree = "<group>";
		};
		61D7049E214C879D00CF09E4 /* services */ = {
			isa = PBXGroup;
			children = (
				61D7049F214C880E00CF09E4 /* FishService.swift */,
			);
			path = services;
			sourceTree = "<group>";
		};
/* End PBXGroup section */

/* Begin PBXNativeTarget section */
		6102ADB6214C6CDF00576A3B /* plasticfishes_mvz */ = {
			isa = PBXNativeTarget;
			buildConfigurationList = 6102ADD6214C6CE000576A3B /* Build configuration list for PBXNativeTarget "plasticfishes_mvz" */;
			buildPhases = (
				6102ADB3214C6CDF00576A3B /* Sources */,
				6102ADB4214C6CDF00576A3B /* Frameworks */,
				6102ADB5214C6CDF00576A3B /* Resources */,
			);
			buildRules = (
			);
			dependencies = (
			);
			name = plasticfishes_mvz;
			productName = plasticfishes_mvz;
			productReference = 6102ADB7214C6CDF00576A3B /* plasticfishes_mvz.app */;
			productType = "com.apple.product-type.application";
		};
		6102ADCC214C6CE000576A3B /* plasticfishes_mvzTests */ = {
			isa = PBXNativeTarget;
			buildConfigurationList = 6102ADD9214C6CE000576A3B /* Build configuration list for PBXNativeTarget "plasticfishes_mvzTests" */;
			buildPhases = (
				6102ADC9214C6CE000576A3B /* Sources */,
				6102ADCA214C6CE000576A3B /* Frameworks */,
				6102ADCB214C6CE000576A3B /* Resources */,
			);
			buildRules = (
			);
			dependencies = (
				6102ADCF214C6CE000576A3B /* PBXTargetDependency */,
			);
			name = plasticfishes_mvzTests;
			productName = plasticfishes_mvzTests;
			productReference = 6102ADCD214C6CE000576A3B /* plasticfishes_mvzTests.xctest */;
			productType = "com.apple.product-type.bundle.unit-test";
		};
/* End PBXNativeTarget section */

/* Begin PBXProject section */
		6102ADAF214C6CDF00576A3B /* Project object */ = {
			isa = PBXProject;
			attributes = {
				LastSwiftUpdateCheck = 0940;
				LastUpgradeCheck = 0940;
				ORGANIZATIONNAME = "Angel Sandoval";
				TargetAttributes = {
					6102ADB6214C6CDF00576A3B = {
						CreatedOnToolsVersion = 9.4.1;
					};
					6102ADCC214C6CE000576A3B = {
						CreatedOnToolsVersion = 9.4.1;
						TestTargetID = 6102ADB6214C6CDF00576A3B;
					};
				};
			};
			buildConfigurationList = 6102ADB2214C6CDF00576A3B /* Build configuration list for PBXProject "plasticfishes_mvz" */;
			compatibilityVersion = "Xcode 9.3";
			developmentRegion = en;
			hasScannedForEncodings = 0;
			knownRegions = (
				en,
				Base,
			);
			mainGroup = 6102ADAE214C6CDF00576A3B;
			productRefGroup = 6102ADB8214C6CDF00576A3B /* Products */;
			projectDirPath = "";
			projectRoot = "";
			targets = (
				6102ADB6214C6CDF00576A3B /* plasticfishes_mvz */,
				6102ADCC214C6CE000576A3B /* plasticfishes_mvzTests */,
			);
		};
/* End PBXProject section */

/* Begin PBXResourcesBuildPhase section */
		6102ADB5214C6CDF00576A3B /* Resources */ = {
			isa = PBXResourcesBuildPhase;
			buildActionMask = 2147483647;
			files = (
				6102ADC7214C6CE000576A3B /* LaunchScreen.storyboard in Resources */,
				6102ADC4214C6CE000576A3B /* Assets.xcassets in Resources */,
				6102ADC2214C6CDF00576A3B /* Main.storyboard in Resources */,
			);
			runOnlyForDeploymentPostprocessing = 0;
		};
		6102ADCB214C6CE000576A3B /* Resources */ = {
			isa = PBXResourcesBuildPhase;
			buildActionMask = 2147483647;
			files = (
			);
			runOnlyForDeploymentPostprocessing = 0;
		};
/* End PBXResourcesBuildPhase section */

/* Begin PBXSourcesBuildPhase section */
		6102ADB3214C6CDF00576A3B /* Sources */ = {
			isa = PBXSourcesBuildPhase;
			buildActionMask = 2147483647;
			files = (
				61D7049C214C840F00CF09E4 /* Fish.swift in Sources */,
				6102ADBF214C6CDF00576A3B /* DetailViewController.swift in Sources */,
				6102ADBD214C6CDF00576A3B /* MasterViewController.swift in Sources */,
				61D7049A214C834800CF09E4 /* DataSource.swift in Sources */,
				6102ADBB214C6CDF00576A3B /* AppDelegate.swift in Sources */,
				61D704A0214C880E00CF09E4 /* FishService.swift in Sources */,
			);
			runOnlyForDeploymentPostprocessing = 0;
		};
		6102ADC9214C6CE000576A3B /* Sources */ = {
			isa = PBXSourcesBuildPhase;
			buildActionMask = 2147483647;
			files = (
				6102ADD2214C6CE000576A3B /* plasticfishes_mvzTests.swift in Sources */,
			);
			runOnlyForDeploymentPostprocessing = 0;
		};
/* End PBXSourcesBuildPhase section */

/* Begin PBXTargetDependency section */
		6102ADCF214C6CE000576A3B /* PBXTargetDependency */ = {
			isa = PBXTargetDependency;
			target = 6102ADB6214C6CDF00576A3B /* plasticfishes_mvz */;
			targetProxy = 6102ADCE214C6CE000576A3B /* PBXContainerItemProxy */;
		};
/* End PBXTargetDependency section */

/* Begin PBXVariantGroup section */
		6102ADC0214C6CDF00576A3B /* Main.storyboard */ = {
			isa = PBXVariantGroup;
			children = (
				6102ADC1214C6CDF00576A3B /* Base */,
			);
			name = Main.storyboard;
			sourceTree = "<group>";
		};
		6102ADC5214C6CE000576A3B /* LaunchScreen.storyboard */ = {
			isa = PBXVariantGroup;
			children = (
				6102ADC6214C6CE000576A3B /* Base */,
			);
			name = LaunchScreen.storyboard;
			sourceTree = "<group>";
		};
/* End PBXVariantGroup section */

/* Begin XCBuildConfiguration section */
		6102ADD4214C6CE000576A3B /* Debug */ = {
			isa = XCBuildConfiguration;
			buildSettings = {
				ALWAYS_SEARCH_USER_PATHS = NO;
				CLANG_ANALYZER_NONNULL = YES;
				CLANG_ANALYZER_NUMBER_OBJECT_CONVERSION = YES_AGGRESSIVE;
				CLANG_CXX_LANGUAGE_STANDARD = "gnu++14";
				CLANG_CXX_LIBRARY = "libc++";
				CLANG_ENABLE_MODULES = YES;
				CLANG_ENABLE_OBJC_ARC = YES;
				CLANG_ENABLE_OBJC_WEAK = YES;
				CLANG_WARN_BLOCK_CAPTURE_AUTORELEASING = YES;
				CLANG_WARN_BOOL_CONVERSION = YES;
				CLANG_WARN_COMMA = YES;
				CLANG_WARN_CONSTANT_CONVERSION = YES;
				CLANG_WARN_DEPRECATED_OBJC_IMPLEMENTATIONS = YES;
				CLANG_WARN_DIRECT_OBJC_ISA_USAGE = YES_ERROR;
				CLANG_WARN_DOCUMENTATION_COMMENTS = YES;
				CLANG_WARN_EMPTY_BODY = YES;
				CLANG_WARN_ENUM_CONVERSION = YES;
				CLANG_WARN_INFINITE_RECURSION = YES;
				CLANG_WARN_INT_CONVERSION = YES;
				CLANG_WARN_NON_LITERAL_NULL_CONVERSION = YES;
				CLANG_WARN_OBJC_IMPLICIT_RETAIN_SELF = YES;
				CLANG_WARN_OBJC_LITERAL_CONVERSION = YES;
				CLANG_WARN_OBJC_ROOT_CLASS = YES_ERROR;
				CLANG_WARN_RANGE_LOOP_ANALYSIS = YES;
				CLANG_WARN_STRICT_PROTOTYPES = YES;
				CLANG_WARN_SUSPICIOUS_MOVE = YES;
				CLANG_WARN_UNGUARDED_AVAILABILITY = YES_AGGRESSIVE;
				CLANG_WARN_UNREACHABLE_CODE = YES;
				CLANG_WARN__DUPLICATE_METHOD_MATCH = YES;
				CODE_SIGN_IDENTITY = "iPhone Developer";
				COPY_PHASE_STRIP = NO;
				DEBUG_INFORMATION_FORMAT = dwarf;
				ENABLE_STRICT_OBJC_MSGSEND = YES;
				ENABLE_TESTABILITY = YES;
				GCC_C_LANGUAGE_STANDARD = gnu11;
				GCC_DYNAMIC_NO_PIC = NO;
				GCC_NO_COMMON_BLOCKS = YES;
				GCC_OPTIMIZATION_LEVEL = 0;
				GCC_PREPROCESSOR_DEFINITIONS = (
					"DEBUG=1",
					"$(inherited)",
				);
				GCC_WARN_64_TO_32_BIT_CONVERSION = YES;
				GCC_WARN_ABOUT_RETURN_TYPE = YES_ERROR;
				GCC_WARN_UNDECLARED_SELECTOR = YES;
				GCC_WARN_UNINITIALIZED_AUTOS = YES_AGGRESSIVE;
				GCC_WARN_UNUSED_FUNCTION = YES;
				GCC_WARN_UNUSED_VARIABLE = YES;
				IPHONEOS_DEPLOYMENT_TARGET = 11.4;
				MTL_ENABLE_DEBUG_INFO = YES;
				ONLY_ACTIVE_ARCH = YES;
				SDKROOT = iphoneos;
				SWIFT_ACTIVE_COMPILATION_CONDITIONS = DEBUG;
				SWIFT_OPTIMIZATION_LEVEL = "-Onone";
			};
			name = Debug;
		};
		6102ADD5214C6CE000576A3B /* Release */ = {
			isa = XCBuildConfiguration;
			buildSettings = {
				ALWAYS_SEARCH_USER_PATHS = NO;
				CLANG_ANALYZER_NONNULL = YES;
				CLANG_ANALYZER_NUMBER_OBJECT_CONVERSION = YES_AGGRESSIVE;
				CLANG_CXX_LANGUAGE_STANDARD = "gnu++14";
				CLANG_CXX_LIBRARY = "libc++";
				CLANG_ENABLE_MODULES = YES;
				CLANG_ENABLE_OBJC_ARC = YES;
				CLANG_ENABLE_OBJC_WEAK = YES;
				CLANG_WARN_BLOCK_CAPTURE_AUTORELEASING = YES;
				CLANG_WARN_BOOL_CONVERSION = YES;
				CLANG_WARN_COMMA = YES;
				CLANG_WARN_CONSTANT_CONVERSION = YES;
				CLANG_WARN_DEPRECATED_OBJC_IMPLEMENTATIONS = YES;
				CLANG_WARN_DIRECT_OBJC_ISA_USAGE = YES_ERROR;
				CLANG_WARN_DOCUMENTATION_COMMENTS = YES;
				CLANG_WARN_EMPTY_BODY = YES;
				CLANG_WARN_ENUM_CONVERSION = YES;
				CLANG_WARN_INFINITE_RECURSION = YES;
				CLANG_WARN_INT_CONVERSION = YES;
				CLANG_WARN_NON_LITERAL_NULL_CONVERSION = YES;
				CLANG_WARN_OBJC_IMPLICIT_RETAIN_SELF = YES;
				CLANG_WARN_OBJC_LITERAL_CONVERSION = YES;
				CLANG_WARN_OBJC_ROOT_CLASS = YES_ERROR;
				CLANG_WARN_RANGE_LOOP_ANALYSIS = YES;
				CLANG_WARN_STRICT_PROTOTYPES = YES;
				CLANG_WARN_SUSPICIOUS_MOVE = YES;
				CLANG_WARN_UNGUARDED_AVAILABILITY = YES_AGGRESSIVE;
				CLANG_WARN_UNREACHABLE_CODE = YES;
				CLANG_WARN__DUPLICATE_METHOD_MATCH = YES;
				CODE_SIGN_IDENTITY = "iPhone Developer";
				COPY_PHASE_STRIP = NO;
				DEBUG_INFORMATION_FORMAT = "dwarf-with-dsym";
				ENABLE_NS_ASSERTIONS = NO;
				ENABLE_STRICT_OBJC_MSGSEND = YES;
				GCC_C_LANGUAGE_STANDARD = gnu11;
				GCC_NO_COMMON_BLOCKS = YES;
				GCC_WARN_64_TO_32_BIT_CONVERSION = YES;
				GCC_WARN_ABOUT_RETURN_TYPE = YES_ERROR;
				GCC_WARN_UNDECLARED_SELECTOR = YES;
				GCC_WARN_UNINITIALIZED_AUTOS = YES_AGGRESSIVE;
				GCC_WARN_UNUSED_FUNCTION = YES;
				GCC_WARN_UNUSED_VARIABLE = YES;
				IPHONEOS_DEPLOYMENT_TARGET = 11.4;
				MTL_ENABLE_DEBUG_INFO = NO;
				SDKROOT = iphoneos;
				SWIFT_COMPILATION_MODE = wholemodule;
				SWIFT_OPTIMIZATION_LEVEL = "-O";
				VALIDATE_PRODUCT = YES;
			};
			name = Release;
		};
		6102ADD7214C6CE000576A3B /* Debug */ = {
			isa = XCBuildConfiguration;
			buildSettings = {
				ASSETCATALOG_COMPILER_APPICON_NAME = AppIcon;
				CODE_SIGN_STYLE = Automatic;
				DEVELOPMENT_TEAM = QT9793UR3J;
				INFOPLIST_FILE = plasticfishes_mvz/Info.plist;
				LD_RUNPATH_SEARCH_PATHS = (
					"$(inherited)",
					"@executable_path/Frameworks",
				);
				PRODUCT_BUNDLE_IDENTIFIER = "angel.unam.plasticfishes-mvz";
				PRODUCT_NAME = "$(TARGET_NAME)";
				SWIFT_VERSION = 4.0;
				TARGETED_DEVICE_FAMILY = "1,2";
			};
			name = Debug;
		};
		6102ADD8214C6CE000576A3B /* Release */ = {
			isa = XCBuildConfiguration;
			buildSettings = {
				ASSETCATALOG_COMPILER_APPICON_NAME = AppIcon;
				CODE_SIGN_STYLE = Automatic;
				DEVELOPMENT_TEAM = QT9793UR3J;
				INFOPLIST_FILE = plasticfishes_mvz/Info.plist;
				LD_RUNPATH_SEARCH_PATHS = (
					"$(inherited)",
					"@executable_path/Frameworks",
				);
				PRODUCT_BUNDLE_IDENTIFIER = "angel.unam.plasticfishes-mvz";
				PRODUCT_NAME = "$(TARGET_NAME)";
				SWIFT_VERSION = 4.0;
				TARGETED_DEVICE_FAMILY = "1,2";
			};
			name = Release;
		};
		6102ADDA214C6CE000576A3B /* Debug */ = {
			isa = XCBuildConfiguration;
			buildSettings = {
				ALWAYS_EMBED_SWIFT_STANDARD_LIBRARIES = YES;
				BUNDLE_LOADER = "$(TEST_HOST)";
				CODE_SIGN_STYLE = Automatic;
				DEVELOPMENT_TEAM = QT9793UR3J;
				INFOPLIST_FILE = plasticfishes_mvzTests/Info.plist;
				LD_RUNPATH_SEARCH_PATHS = (
					"$(inherited)",
					"@executable_path/Frameworks",
					"@loader_path/Frameworks",
				);
				PRODUCT_BUNDLE_IDENTIFIER = "angel.unam.plasticfishes-mvzTests";
				PRODUCT_NAME = "$(TARGET_NAME)";
				SWIFT_VERSION = 4.0;
				TARGETED_DEVICE_FAMILY = "1,2";
				TEST_HOST = "$(BUILT_PRODUCTS_DIR)/plasticfishes_mvz.app/plasticfishes_mvz";
			};
			name = Debug;
		};
		6102ADDB214C6CE000576A3B /* Release */ = {
			isa = XCBuildConfiguration;
			buildSettings = {
				ALWAYS_EMBED_SWIFT_STANDARD_LIBRARIES = YES;
				BUNDLE_LOADER = "$(TEST_HOST)";
				CODE_SIGN_STYLE = Automatic;
				DEVELOPMENT_TEAM = QT9793UR3J;
				INFOPLIST_FILE = plasticfishes_mvzTests/Info.plist;
				LD_RUNPATH_SEARCH_PATHS = (
					"$(inherited)",
					"@executable_path/Frameworks",
					"@loader_path/Frameworks",
				);
				PRODUCT_BUNDLE_IDENTIFIER = "angel.unam.plasticfishes-mvzTests";
				PRODUCT_NAME = "$(TARGET_NAME)";
				SWIFT_VERSION = 4.0;
				TARGETED_DEVICE_FAMILY = "1,2";
				TEST_HOST = "$(BUILT_PRODUCTS_DIR)/plasticfishes_mvz.app/plasticfishes_mvz";
			};
			name = Release;
		};
/* End XCBuildConfiguration section */

/* Begin XCConfigurationList section */
		6102ADB2214C6CDF00576A3B /* Build configuration list for PBXProject "plasticfishes_mvz" */ = {
			isa = XCConfigurationList;
			buildConfigurations = (
				6102ADD4214C6CE000576A3B /* Debug */,
				6102ADD5214C6CE000576A3B /* Release */,
			);
			defaultConfigurationIsVisible = 0;
			defaultConfigurationName = Release;
		};
		6102ADD6214C6CE000576A3B /* Build configuration list for PBXNativeTarget "plasticfishes_mvz" */ = {
			isa = XCConfigurationList;
			buildConfigurations = (
				6102ADD7214C6CE000576A3B /* Debug */,
				6102ADD8214C6CE000576A3B /* Release */,
			);
			defaultConfigurationIsVisible = 0;
			defaultConfigurationName = Release;
		};
		6102ADD9214C6CE000576A3B /* Build configuration list for PBXNativeTarget "plasticfishes_mvzTests" */ = {
			isa = XCConfigurationList;
			buildConfigurations = (
				6102ADDA214C6CE000576A3B /* Debug */,
				6102ADDB214C6CE000576A3B /* Release */,
			);
			defaultConfigurationIsVisible = 0;
			defaultConfigurationName = Release;
		};
/* End XCConfigurationList section */
	};
	rootObject = 6102ADAF214C6CDF00576A3B /* Project object */;
}
