// !$*UTF8*$!
{
	archiveVersion = 1;
	classes = {
	};
	objectVersion = 50;
	objects = {

/* Begin PBXBuildFile section */
		61388E7A21425CD9007D4479 /* AppDelegate.swift in Sources */ = {isa = PBXBuildFile; fileRef = 61388E7921425CD9007D4479 /* AppDelegate.swift */; };
		61388E7C21425CD9007D4479 /* ViewController.swift in Sources */ = {isa = PBXBuildFile; fileRef = 61388E7B21425CD9007D4479 /* ViewController.swift */; };
		61388E7F21425CD9007D4479 /* Main.storyboard in Resources */ = {isa = PBXBuildFile; fileRef = 61388E7D21425CD9007D4479 /* Main.storyboard */; };
		61388E8121425CDA007D4479 /* Assets.xcassets in Resources */ = {isa = PBXBuildFile; fileRef = 61388E8021425CDA007D4479 /* Assets.xcassets */; };
		61388E8421425CDA007D4479 /* LaunchScreen.storyboard in Resources */ = {isa = PBXBuildFile; fileRef = 61388E8221425CDA007D4479 /* LaunchScreen.storyboard */; };
		61388E8C2142661B007D4479 /* CategoryTableViewController.swift in Sources */ = {isa = PBXBuildFile; fileRef = 61388E8B2142661B007D4479 /* CategoryTableViewController.swift */; };
		61388E8E21426656007D4479 /* MenuTableViewController.swift in Sources */ = {isa = PBXBuildFile; fileRef = 61388E8D21426656007D4479 /* MenuTableViewController.swift */; };
		61388E9021426672007D4479 /* OrderTableViewController.swift in Sources */ = {isa = PBXBuildFile; fileRef = 61388E8F21426672007D4479 /* OrderTableViewController.swift */; };
		61388E922142689C007D4479 /* MenuItemDetailViewController.swift in Sources */ = {isa = PBXBuildFile; fileRef = 61388E912142689C007D4479 /* MenuItemDetailViewController.swift */; };
		61388E942142699D007D4479 /* MenuItem.swift in Sources */ = {isa = PBXBuildFile; fileRef = 61388E932142699D007D4479 /* MenuItem.swift */; };
		61388E9621426A7D007D4479 /* IntermediaryModels.swift in Sources */ = {isa = PBXBuildFile; fileRef = 61388E9521426A7D007D4479 /* IntermediaryModels.swift */; };
		61388E98214304A8007D4479 /* MenuController.swift in Sources */ = {isa = PBXBuildFile; fileRef = 61388E97214304A8007D4479 /* MenuController.swift */; };
/* End PBXBuildFile section */

/* Begin PBXFileReference section */
		61388E7621425CD9007D4479 /* OrderApp.app */ = {isa = PBXFileReference; explicitFileType = wrapper.application; includeInIndex = 0; path = OrderApp.app; sourceTree = BUILT_PRODUCTS_DIR; };
		61388E7921425CD9007D4479 /* AppDelegate.swift */ = {isa = PBXFileReference; lastKnownFileType = sourcecode.swift; path = AppDelegate.swift; sourceTree = "<group>"; };
		61388E7B21425CD9007D4479 /* ViewController.swift */ = {isa = PBXFileReference; lastKnownFileType = sourcecode.swift; path = ViewController.swift; sourceTree = "<group>"; };
		61388E7E21425CD9007D4479 /* Base */ = {isa = PBXFileReference; lastKnownFileType = file.storyboard; name = Base; path = Base.lproj/Main.storyboard; sourceTree = "<group>"; };
		61388E8021425CDA007D4479 /* Assets.xcassets */ = {isa = PBXFileReference; lastKnownFileType = folder.assetcatalog; path = Assets.xcassets; sourceTree = "<group>"; };
		61388E8321425CDA007D4479 /* Base */ = {isa = PBXFileReference; lastKnownFileType = file.storyboard; name = Base; path = Base.lproj/LaunchScreen.storyboard; sourceTree = "<group>"; };
		61388E8521425CDA007D4479 /* Info.plist */ = {isa = PBXFileReference; lastKnownFileType = text.plist.xml; path = Info.plist; sourceTree = "<group>"; };
		61388E8B2142661B007D4479 /* CategoryTableViewController.swift */ = {isa = PBXFileReference; lastKnownFileType = sourcecode.swift; path = CategoryTableViewController.swift; sourceTree = "<group>"; };
		61388E8D21426656007D4479 /* MenuTableViewController.swift */ = {isa = PBXFileReference; lastKnownFileType = sourcecode.swift; path = MenuTableViewController.swift; sourceTree = "<group>"; };
		61388E8F21426672007D4479 /* OrderTableViewController.swift */ = {isa = PBXFileReference; lastKnownFileType = sourcecode.swift; path = OrderTableViewController.swift; sourceTree = "<group>"; };
		61388E912142689C007D4479 /* MenuItemDetailViewController.swift */ = {isa = PBXFileReference; lastKnownFileType = sourcecode.swift; path = MenuItemDetailViewController.swift; sourceTree = "<group>"; };
		61388E932142699D007D4479 /* MenuItem.swift */ = {isa = PBXFileReference; lastKnownFileType = sourcecode.swift; path = MenuItem.swift; sourceTree = "<group>"; };
		61388E9521426A7D007D4479 /* IntermediaryModels.swift */ = {isa = PBXFileReference; lastKnownFileType = sourcecode.swift; path = IntermediaryModels.swift; sourceTree = "<group>"; };
		61388E97214304A8007D4479 /* MenuController.swift */ = {isa = PBXFileReference; lastKnownFileType = sourcecode.swift; path = MenuController.swift; sourceTree = "<group>"; };
/* End PBXFileReference section */

/* Begin PBXFrameworksBuildPhase section */
		61388E7321425CD9007D4479 /* Frameworks */ = {
			isa = PBXFrameworksBuildPhase;
			buildActionMask = 2147483647;
			files = (
			);
			runOnlyForDeploymentPostprocessing = 0;
		};
/* End PBXFrameworksBuildPhase section */

/* Begin PBXGroup section */
		61388E6D21425CD9007D4479 = {
			isa = PBXGroup;
			children = (
				61388E7821425CD9007D4479 /* OrderApp */,
				61388E7721425CD9007D4479 /* Products */,
			);
			sourceTree = "<group>";
		};
		61388E7721425CD9007D4479 /* Products */ = {
			isa = PBXGroup;
			children = (
				61388E7621425CD9007D4479 /* OrderApp.app */,
			);
			name = Products;
			sourceTree = "<group>";
		};
		61388E7821425CD9007D4479 /* OrderApp */ = {
			isa = PBXGroup;
			children = (
				61388E932142699D007D4479 /* MenuItem.swift */,
				61388E7921425CD9007D4479 /* AppDelegate.swift */,
				61388E7B21425CD9007D4479 /* ViewController.swift */,
				61388E7D21425CD9007D4479 /* Main.storyboard */,
				61388E912142689C007D4479 /* MenuItemDetailViewController.swift */,
				61388E8B2142661B007D4479 /* CategoryTableViewController.swift */,
				61388E8D21426656007D4479 /* MenuTableViewController.swift */,
				61388E8F21426672007D4479 /* OrderTableViewController.swift */,
				61388E8021425CDA007D4479 /* Assets.xcassets */,
				61388E8221425CDA007D4479 /* LaunchScreen.storyboard */,
				61388E8521425CDA007D4479 /* Info.plist */,
				61388E9521426A7D007D4479 /* IntermediaryModels.swift */,
				61388E97214304A8007D4479 /* MenuController.swift */,
			);
			path = OrderApp;
			sourceTree = "<group>";
		};
/* End PBXGroup section */

/* Begin PBXNativeTarget section */
		61388E7521425CD9007D4479 /* OrderApp */ = {
			isa = PBXNativeTarget;
			buildConfigurationList = 61388E8821425CDA007D4479 /* Build configuration list for PBXNativeTarget "OrderApp" */;
			buildPhases = (
				61388E7221425CD9007D4479 /* Sources */,
				61388E7321425CD9007D4479 /* Frameworks */,
				61388E7421425CD9007D4479 /* Resources */,
			);
			buildRules = (
			);
			dependencies = (
			);
			name = OrderApp;
			productName = OrderApp;
			productReference = 61388E7621425CD9007D4479 /* OrderApp.app */;
			productType = "com.apple.product-type.application";
		};
/* End PBXNativeTarget section */

/* Begin PBXProject section */
		61388E6E21425CD9007D4479 /* Project object */ = {
			isa = PBXProject;
			attributes = {
				LastSwiftUpdateCheck = 0940;
				LastUpgradeCheck = 0940;
				ORGANIZATIONNAME = "Angel Sandoval";
				TargetAttributes = {
					61388E7521425CD9007D4479 = {
						CreatedOnToolsVersion = 9.4.1;
					};
				};
			};
			buildConfigurationList = 61388E7121425CD9007D4479 /* Build configuration list for PBXProject "OrderApp" */;
			compatibilityVersion = "Xcode 9.3";
			developmentRegion = en;
			hasScannedForEncodings = 0;
			knownRegions = (
				en,
				Base,
			);
			mainGroup = 61388E6D21425CD9007D4479;
			productRefGroup = 61388E7721425CD9007D4479 /* Products */;
			projectDirPath = "";
			projectRoot = "";
			targets = (
				61388E7521425CD9007D4479 /* OrderApp */,
			);
		};
/* End PBXProject section */

/* Begin PBXResourcesBuildPhase section */
		61388E7421425CD9007D4479 /* Resources */ = {
			isa = PBXResourcesBuildPhase;
			buildActionMask = 2147483647;
			files = (
				61388E8421425CDA007D4479 /* LaunchScreen.storyboard in Resources */,
				61388E8121425CDA007D4479 /* Assets.xcassets in Resources */,
				61388E7F21425CD9007D4479 /* Main.storyboard in Resources */,
			);
			runOnlyForDeploymentPostprocessing = 0;
		};
/* End PBXResourcesBuildPhase section */

/* Begin PBXSourcesBuildPhase section */
		61388E7221425CD9007D4479 /* Sources */ = {
			isa = PBXSourcesBuildPhase;
			buildActionMask = 2147483647;
			files = (
				61388E942142699D007D4479 /* MenuItem.swift in Sources */,
				61388E98214304A8007D4479 /* MenuController.swift in Sources */,
				61388E8E21426656007D4479 /* MenuTableViewController.swift in Sources */,
				61388E922142689C007D4479 /* MenuItemDetailViewController.swift in Sources */,
				61388E9021426672007D4479 /* OrderTableViewController.swift in Sources */,
				61388E9621426A7D007D4479 /* IntermediaryModels.swift in Sources */,
				61388E7C21425CD9007D4479 /* ViewController.swift in Sources */,
				61388E7A21425CD9007D4479 /* AppDelegate.swift in Sources */,
				61388E8C2142661B007D4479 /* CategoryTableViewController.swift in Sources */,
			);
			runOnlyForDeploymentPostprocessing = 0;
		};
/* End PBXSourcesBuildPhase section */

/* Begin PBXVariantGroup section */
		61388E7D21425CD9007D4479 /* Main.storyboard */ = {
			isa = PBXVariantGroup;
			children = (
				61388E7E21425CD9007D4479 /* Base */,
			);
			name = Main.storyboard;
			sourceTree = "<group>";
		};
		61388E8221425CDA007D4479 /* LaunchScreen.storyboard */ = {
			isa = PBXVariantGroup;
			children = (
				61388E8321425CDA007D4479 /* Base */,
			);
			name = LaunchScreen.storyboard;
			sourceTree = "<group>";
		};
/* End PBXVariantGroup section */

/* Begin XCBuildConfiguration section */
		61388E8621425CDA007D4479 /* Debug */ = {
			isa = XCBuildConfiguration;
			buildSettings = {
				ALWAYS_SEARCH_USER_PATHS = NO;
				CLANG_ANALYZER_NONNULL = YES;
				CLANG_ANALYZER_NUMBER_OBJECT_CONVERSION = YES_AGGRESSIVE;
				CLANG_CXX_LANGUAGE_STANDARD = "gnu++14";
				CLANG_CXX_LIBRARY = "libc++";
				CLANG_ENABLE_MODULES = YES;
				CLANG_ENABLE_OBJC_ARC = YES;
				CLANG_ENABLE_OBJC_WEAK = YES;
				CLANG_WARN_BLOCK_CAPTURE_AUTORELEASING = YES;
				CLANG_WARN_BOOL_CONVERSION = YES;
				CLANG_WARN_COMMA = YES;
				CLANG_WARN_CONSTANT_CONVERSION = YES;
				CLANG_WARN_DEPRECATED_OBJC_IMPLEMENTATIONS = YES;
				CLANG_WARN_DIRECT_OBJC_ISA_USAGE = YES_ERROR;
				CLANG_WARN_DOCUMENTATION_COMMENTS = YES;
				CLANG_WARN_EMPTY_BODY = YES;
				CLANG_WARN_ENUM_CONVERSION = YES;
				CLANG_WARN_INFINITE_RECURSION = YES;
				CLANG_WARN_INT_CONVERSION = YES;
				CLANG_WARN_NON_LITERAL_NULL_CONVERSION = YES;
				CLANG_WARN_OBJC_IMPLICIT_RETAIN_SELF = YES;
				CLANG_WARN_OBJC_LITERAL_CONVERSION = YES;
				CLANG_WARN_OBJC_ROOT_CLASS = YES_ERROR;
				CLANG_WARN_RANGE_LOOP_ANALYSIS = YES;
				CLANG_WARN_STRICT_PROTOTYPES = YES;
				CLANG_WARN_SUSPICIOUS_MOVE = YES;
				CLANG_WARN_UNGUARDED_AVAILABILITY = YES_AGGRESSIVE;
				CLANG_WARN_UNREACHABLE_CODE = YES;
				CLANG_WARN__DUPLICATE_METHOD_MATCH = YES;
				CODE_SIGN_IDENTITY = "iPhone Developer";
				COPY_PHASE_STRIP = NO;
				DEBUG_INFORMATION_FORMAT = dwarf;
				ENABLE_STRICT_OBJC_MSGSEND = YES;
				ENABLE_TESTABILITY = YES;
				GCC_C_LANGUAGE_STANDARD = gnu11;
				GCC_DYNAMIC_NO_PIC = NO;
				GCC_NO_COMMON_BLOCKS = YES;
				GCC_OPTIMIZATION_LEVEL = 0;
				GCC_PREPROCESSOR_DEFINITIONS = (
					"DEBUG=1",
					"$(inherited)",
				);
				GCC_WARN_64_TO_32_BIT_CONVERSION = YES;
				GCC_WARN_ABOUT_RETURN_TYPE = YES_ERROR;
				GCC_WARN_UNDECLARED_SELECTOR = YES;
				GCC_WARN_UNINITIALIZED_AUTOS = YES_AGGRESSIVE;
				GCC_WARN_UNUSED_FUNCTION = YES;
				GCC_WARN_UNUSED_VARIABLE = YES;
				IPHONEOS_DEPLOYMENT_TARGET = 11.4;
				MTL_ENABLE_DEBUG_INFO = YES;
				ONLY_ACTIVE_ARCH = YES;
				SDKROOT = iphoneos;
				SWIFT_ACTIVE_COMPILATION_CONDITIONS = DEBUG;
				SWIFT_OPTIMIZATION_LEVEL = "-Onone";
			};
			name = Debug;
		};
		61388E8721425CDA007D4479 /* Release */ = {
			isa = XCBuildConfiguration;
			buildSettings = {
				ALWAYS_SEARCH_USER_PATHS = NO;
				CLANG_ANALYZER_NONNULL = YES;
				CLANG_ANALYZER_NUMBER_OBJECT_CONVERSION = YES_AGGRESSIVE;
				CLANG_CXX_LANGUAGE_STANDARD = "gnu++14";
				CLANG_CXX_LIBRARY = "libc++";
				CLANG_ENABLE_MODULES = YES;
				CLANG_ENABLE_OBJC_ARC = YES;
				CLANG_ENABLE_OBJC_WEAK = YES;
				CLANG_WARN_BLOCK_CAPTURE_AUTORELEASING = YES;
				CLANG_WARN_BOOL_CONVERSION = YES;
				CLANG_WARN_COMMA = YES;
				CLANG_WARN_CONSTANT_CONVERSION = YES;
				CLANG_WARN_DEPRECATED_OBJC_IMPLEMENTATIONS = YES;
				CLANG_WARN_DIRECT_OBJC_ISA_USAGE = YES_ERROR;
				CLANG_WARN_DOCUMENTATION_COMMENTS = YES;
				CLANG_WARN_EMPTY_BODY = YES;
				CLANG_WARN_ENUM_CONVERSION = YES;
				CLANG_WARN_INFINITE_RECURSION = YES;
				CLANG_WARN_INT_CONVERSION = YES;
				CLANG_WARN_NON_LITERAL_NULL_CONVERSION = YES;
				CLANG_WARN_OBJC_IMPLICIT_RETAIN_SELF = YES;
				CLANG_WARN_OBJC_LITERAL_CONVERSION = YES;
				CLANG_WARN_OBJC_ROOT_CLASS = YES_ERROR;
				CLANG_WARN_RANGE_LOOP_ANALYSIS = YES;
				CLANG_WARN_STRICT_PROTOTYPES = YES;
				CLANG_WARN_SUSPICIOUS_MOVE = YES;
				CLANG_WARN_UNGUARDED_AVAILABILITY = YES_AGGRESSIVE;
				CLANG_WARN_UNREACHABLE_CODE = YES;
				CLANG_WARN__DUPLICATE_METHOD_MATCH = YES;
				CODE_SIGN_IDENTITY = "iPhone Developer";
				COPY_PHASE_STRIP = NO;
				DEBUG_INFORMATION_FORMAT = "dwarf-with-dsym";
				ENABLE_NS_ASSERTIONS = NO;
				ENABLE_STRICT_OBJC_MSGSEND = YES;
				GCC_C_LANGUAGE_STANDARD = gnu11;
				GCC_NO_COMMON_BLOCKS = YES;
				GCC_WARN_64_TO_32_BIT_CONVERSION = YES;
				GCC_WARN_ABOUT_RETURN_TYPE = YES_ERROR;
				GCC_WARN_UNDECLARED_SELECTOR = YES;
				GCC_WARN_UNINITIALIZED_AUTOS = YES_AGGRESSIVE;
				GCC_WARN_UNUSED_FUNCTION = YES;
				GCC_WARN_UNUSED_VARIABLE = YES;
				IPHONEOS_DEPLOYMENT_TARGET = 11.4;
				MTL_ENABLE_DEBUG_INFO = NO;
				SDKROOT = iphoneos;
				SWIFT_COMPILATION_MODE = wholemodule;
				SWIFT_OPTIMIZATION_LEVEL = "-O";
				VALIDATE_PRODUCT = YES;
			};
			name = Release;
		};
		61388E8921425CDA007D4479 /* Debug */ = {
			isa = XCBuildConfiguration;
			buildSettings = {
				ASSETCATALOG_COMPILER_APPICON_NAME = AppIcon;
				CODE_SIGN_STYLE = Automatic;
				DEVELOPMENT_TEAM = QT9793UR3J;
				INFOPLIST_FILE = OrderApp/Info.plist;
				LD_RUNPATH_SEARCH_PATHS = (
					"$(inherited)",
					"@executable_path/Frameworks",
				);
				PRODUCT_BUNDLE_IDENTIFIER = angel.unam.OrderApp;
				PRODUCT_NAME = "$(TARGET_NAME)";
				SWIFT_VERSION = 4.0;
				TARGETED_DEVICE_FAMILY = "1,2";
			};
			name = Debug;
		};
		61388E8A21425CDA007D4479 /* Release */ = {
			isa = XCBuildConfiguration;
			buildSettings = {
				ASSETCATALOG_COMPILER_APPICON_NAME = AppIcon;
				CODE_SIGN_STYLE = Automatic;
				DEVELOPMENT_TEAM = QT9793UR3J;
				INFOPLIST_FILE = OrderApp/Info.plist;
				LD_RUNPATH_SEARCH_PATHS = (
					"$(inherited)",
					"@executable_path/Frameworks",
				);
				PRODUCT_BUNDLE_IDENTIFIER = angel.unam.OrderApp;
				PRODUCT_NAME = "$(TARGET_NAME)";
				SWIFT_VERSION = 4.0;
				TARGETED_DEVICE_FAMILY = "1,2";
			};
			name = Release;
		};
/* End XCBuildConfiguration section */

/* Begin XCConfigurationList section */
		61388E7121425CD9007D4479 /* Build configuration list for PBXProject "OrderApp" */ = {
			isa = XCConfigurationList;
			buildConfigurations = (
				61388E8621425CDA007D4479 /* Debug */,
				61388E8721425CDA007D4479 /* Release */,
			);
			defaultConfigurationIsVisible = 0;
			defaultConfigurationName = Release;
		};
		61388E8821425CDA007D4479 /* Build configuration list for PBXNativeTarget "OrderApp" */ = {
			isa = XCConfigurationList;
			buildConfigurations = (
				61388E8921425CDA007D4479 /* Debug */,
				61388E8A21425CDA007D4479 /* Release */,
			);
			defaultConfigurationIsVisible = 0;
			defaultConfigurationName = Release;
		};
/* End XCConfigurationList section */
	};
	rootObject = 61388E6E21425CD9007D4479 /* Project object */;
}
