// !$*UTF8*$!
{
	archiveVersion = 1;
	classes = {
	};
	objectVersion = 50;
	objects = {

/* Begin PBXBuildFile section */
		612AE4FD219F884B00AC55CB /* AppDelegate.swift in Sources */ = {isa = PBXBuildFile; fileRef = 612AE4FC219F884B00AC55CB /* AppDelegate.swift */; };
		612AE4FF219F884B00AC55CB /* ViewController.swift in Sources */ = {isa = PBXBuildFile; fileRef = 612AE4FE219F884B00AC55CB /* ViewController.swift */; };
		612AE502219F884B00AC55CB /* Main.storyboard in Resources */ = {isa = PBXBuildFile; fileRef = 612AE500219F884B00AC55CB /* Main.storyboard */; };
		612AE504219F884C00AC55CB /* Assets.xcassets in Resources */ = {isa = PBXBuildFile; fileRef = 612AE503219F884C00AC55CB /* Assets.xcassets */; };
		612AE507219F884C00AC55CB /* LaunchScreen.storyboard in Resources */ = {isa = PBXBuildFile; fileRef = 612AE505219F884C00AC55CB /* LaunchScreen.storyboard */; };
		612AE512219F884C00AC55CB /* FrickrSearchTests.swift in Sources */ = {isa = PBXBuildFile; fileRef = 612AE511219F884C00AC55CB /* FrickrSearchTests.swift */; };
		612AE51D219F884C00AC55CB /* FrickrSearchUITests.swift in Sources */ = {isa = PBXBuildFile; fileRef = 612AE51C219F884C00AC55CB /* FrickrSearchUITests.swift */; };
		612AE52D219F8BDB00AC55CB /* FlickrSearchResults.swift in Sources */ = {isa = PBXBuildFile; fileRef = 612AE52A219F8BDB00AC55CB /* FlickrSearchResults.swift */; };
		612AE52E219F8BDB00AC55CB /* FlickrPhoto.swift in Sources */ = {isa = PBXBuildFile; fileRef = 612AE52B219F8BDB00AC55CB /* FlickrPhoto.swift */; };
		612AE52F219F8BDB00AC55CB /* Flickr.swift in Sources */ = {isa = PBXBuildFile; fileRef = 612AE52C219F8BDB00AC55CB /* Flickr.swift */; };
/* End PBXBuildFile section */

/* Begin PBXContainerItemProxy section */
		612AE50E219F884C00AC55CB /* PBXContainerItemProxy */ = {
			isa = PBXContainerItemProxy;
			containerPortal = 612AE4F1219F884A00AC55CB /* Project object */;
			proxyType = 1;
			remoteGlobalIDString = 612AE4F8219F884A00AC55CB;
			remoteInfo = FrickrSearch;
		};
		612AE519219F884C00AC55CB /* PBXContainerItemProxy */ = {
			isa = PBXContainerItemProxy;
			containerPortal = 612AE4F1219F884A00AC55CB /* Project object */;
			proxyType = 1;
			remoteGlobalIDString = 612AE4F8219F884A00AC55CB;
			remoteInfo = FrickrSearch;
		};
/* End PBXContainerItemProxy section */

/* Begin PBXFileReference section */
		612AE4F9219F884B00AC55CB /* FrickrSearch.app */ = {isa = PBXFileReference; explicitFileType = wrapper.application; includeInIndex = 0; path = FrickrSearch.app; sourceTree = BUILT_PRODUCTS_DIR; };
		612AE4FC219F884B00AC55CB /* AppDelegate.swift */ = {isa = PBXFileReference; lastKnownFileType = sourcecode.swift; path = AppDelegate.swift; sourceTree = "<group>"; };
		612AE4FE219F884B00AC55CB /* ViewController.swift */ = {isa = PBXFileReference; lastKnownFileType = sourcecode.swift; path = ViewController.swift; sourceTree = "<group>"; };
		612AE501219F884B00AC55CB /* Base */ = {isa = PBXFileReference; lastKnownFileType = file.storyboard; name = Base; path = Base.lproj/Main.storyboard; sourceTree = "<group>"; };
		612AE503219F884C00AC55CB /* Assets.xcassets */ = {isa = PBXFileReference; lastKnownFileType = folder.assetcatalog; path = Assets.xcassets; sourceTree = "<group>"; };
		612AE506219F884C00AC55CB /* Base */ = {isa = PBXFileReference; lastKnownFileType = file.storyboard; name = Base; path = Base.lproj/LaunchScreen.storyboard; sourceTree = "<group>"; };
		612AE508219F884C00AC55CB /* Info.plist */ = {isa = PBXFileReference; lastKnownFileType = text.plist.xml; path = Info.plist; sourceTree = "<group>"; };
		612AE50D219F884C00AC55CB /* FrickrSearchTests.xctest */ = {isa = PBXFileReference; explicitFileType = wrapper.cfbundle; includeInIndex = 0; path = FrickrSearchTests.xctest; sourceTree = BUILT_PRODUCTS_DIR; };
		612AE511219F884C00AC55CB /* FrickrSearchTests.swift */ = {isa = PBXFileReference; lastKnownFileType = sourcecode.swift; path = FrickrSearchTests.swift; sourceTree = "<group>"; };
		612AE513219F884C00AC55CB /* Info.plist */ = {isa = PBXFileReference; lastKnownFileType = text.plist.xml; path = Info.plist; sourceTree = "<group>"; };
		612AE518219F884C00AC55CB /* FrickrSearchUITests.xctest */ = {isa = PBXFileReference; explicitFileType = wrapper.cfbundle; includeInIndex = 0; path = FrickrSearchUITests.xctest; sourceTree = BUILT_PRODUCTS_DIR; };
		612AE51C219F884C00AC55CB /* FrickrSearchUITests.swift */ = {isa = PBXFileReference; lastKnownFileType = sourcecode.swift; path = FrickrSearchUITests.swift; sourceTree = "<group>"; };
		612AE51E219F884C00AC55CB /* Info.plist */ = {isa = PBXFileReference; lastKnownFileType = text.plist.xml; path = Info.plist; sourceTree = "<group>"; };
		612AE52A219F8BDB00AC55CB /* FlickrSearchResults.swift */ = {isa = PBXFileReference; fileEncoding = 4; lastKnownFileType = sourcecode.swift; path = FlickrSearchResults.swift; sourceTree = "<group>"; };
		612AE52B219F8BDB00AC55CB /* FlickrPhoto.swift */ = {isa = PBXFileReference; fileEncoding = 4; lastKnownFileType = sourcecode.swift; path = FlickrPhoto.swift; sourceTree = "<group>"; };
		612AE52C219F8BDB00AC55CB /* Flickr.swift */ = {isa = PBXFileReference; fileEncoding = 4; lastKnownFileType = sourcecode.swift; path = Flickr.swift; sourceTree = "<group>"; };
/* End PBXFileReference section */

/* Begin PBXFrameworksBuildPhase section */
		612AE4F6219F884A00AC55CB /* Frameworks */ = {
			isa = PBXFrameworksBuildPhase;
			buildActionMask = 2147483647;
			files = (
			);
			runOnlyForDeploymentPostprocessing = 0;
		};
		612AE50A219F884C00AC55CB /* Frameworks */ = {
			isa = PBXFrameworksBuildPhase;
			buildActionMask = 2147483647;
			files = (
			);
			runOnlyForDeploymentPostprocessing = 0;
		};
		612AE515219F884C00AC55CB /* Frameworks */ = {
			isa = PBXFrameworksBuildPhase;
			buildActionMask = 2147483647;
			files = (
			);
			runOnlyForDeploymentPostprocessing = 0;
		};
/* End PBXFrameworksBuildPhase section */

/* Begin PBXGroup section */
		612AE4F0219F884A00AC55CB = {
			isa = PBXGroup;
			children = (
				612AE4FB219F884B00AC55CB /* FrickrSearch */,
				612AE510219F884C00AC55CB /* FrickrSearchTests */,
				612AE51B219F884C00AC55CB /* FrickrSearchUITests */,
				612AE4FA219F884B00AC55CB /* Products */,
			);
			sourceTree = "<group>";
		};
		612AE4FA219F884B00AC55CB /* Products */ = {
			isa = PBXGroup;
			children = (
				612AE4F9219F884B00AC55CB /* FrickrSearch.app */,
				612AE50D219F884C00AC55CB /* FrickrSearchTests.xctest */,
				612AE518219F884C00AC55CB /* FrickrSearchUITests.xctest */,
			);
			name = Products;
			sourceTree = "<group>";
		};
		612AE4FB219F884B00AC55CB /* FrickrSearch */ = {
			isa = PBXGroup;
			children = (
				612AE530219F8BF700AC55CB /* Models */,
				612AE4FC219F884B00AC55CB /* AppDelegate.swift */,
				612AE4FE219F884B00AC55CB /* ViewController.swift */,
				612AE500219F884B00AC55CB /* Main.storyboard */,
				612AE503219F884C00AC55CB /* Assets.xcassets */,
				612AE505219F884C00AC55CB /* LaunchScreen.storyboard */,
				612AE508219F884C00AC55CB /* Info.plist */,
			);
			path = FrickrSearch;
			sourceTree = "<group>";
		};
		612AE510219F884C00AC55CB /* FrickrSearchTests */ = {
			isa = PBXGroup;
			children = (
				612AE511219F884C00AC55CB /* FrickrSearchTests.swift */,
				612AE513219F884C00AC55CB /* Info.plist */,
			);
			path = FrickrSearchTests;
			sourceTree = "<group>";
		};
		612AE51B219F884C00AC55CB /* FrickrSearchUITests */ = {
			isa = PBXGroup;
			children = (
				612AE51C219F884C00AC55CB /* FrickrSearchUITests.swift */,
				612AE51E219F884C00AC55CB /* Info.plist */,
			);
			path = FrickrSearchUITests;
			sourceTree = "<group>";
		};
		612AE530219F8BF700AC55CB /* Models */ = {
			isa = PBXGroup;
			children = (
				612AE52C219F8BDB00AC55CB /* Flickr.swift */,
				612AE52B219F8BDB00AC55CB /* FlickrPhoto.swift */,
				612AE52A219F8BDB00AC55CB /* FlickrSearchResults.swift */,
			);
			path = Models;
			sourceTree = "<group>";
		};
/* End PBXGroup section */

/* Begin PBXNativeTarget section */
		612AE4F8219F884A00AC55CB /* FrickrSearch */ = {
			isa = PBXNativeTarget;
			buildConfigurationList = 612AE521219F884C00AC55CB /* Build configuration list for PBXNativeTarget "FrickrSearch" */;
			buildPhases = (
				612AE4F5219F884A00AC55CB /* Sources */,
				612AE4F6219F884A00AC55CB /* Frameworks */,
				612AE4F7219F884A00AC55CB /* Resources */,
			);
			buildRules = (
			);
			dependencies = (
			);
			name = FrickrSearch;
			productName = FrickrSearch;
			productReference = 612AE4F9219F884B00AC55CB /* FrickrSearch.app */;
			productType = "com.apple.product-type.application";
		};
		612AE50C219F884C00AC55CB /* FrickrSearchTests */ = {
			isa = PBXNativeTarget;
			buildConfigurationList = 612AE524219F884C00AC55CB /* Build configuration list for PBXNativeTarget "FrickrSearchTests" */;
			buildPhases = (
				612AE509219F884C00AC55CB /* Sources */,
				612AE50A219F884C00AC55CB /* Frameworks */,
				612AE50B219F884C00AC55CB /* Resources */,
			);
			buildRules = (
			);
			dependencies = (
				612AE50F219F884C00AC55CB /* PBXTargetDependency */,
			);
			name = FrickrSearchTests;
			productName = FrickrSearchTests;
			productReference = 612AE50D219F884C00AC55CB /* FrickrSearchTests.xctest */;
			productType = "com.apple.product-type.bundle.unit-test";
		};
		612AE517219F884C00AC55CB /* FrickrSearchUITests */ = {
			isa = PBXNativeTarget;
			buildConfigurationList = 612AE527219F884C00AC55CB /* Build configuration list for PBXNativeTarget "FrickrSearchUITests" */;
			buildPhases = (
				612AE514219F884C00AC55CB /* Sources */,
				612AE515219F884C00AC55CB /* Frameworks */,
				612AE516219F884C00AC55CB /* Resources */,
			);
			buildRules = (
			);
			dependencies = (
				612AE51A219F884C00AC55CB /* PBXTargetDependency */,
			);
			name = FrickrSearchUITests;
			productName = FrickrSearchUITests;
			productReference = 612AE518219F884C00AC55CB /* FrickrSearchUITests.xctest */;
			productType = "com.apple.product-type.bundle.ui-testing";
		};
/* End PBXNativeTarget section */

/* Begin PBXProject section */
		612AE4F1219F884A00AC55CB /* Project object */ = {
			isa = PBXProject;
			attributes = {
				LastSwiftUpdateCheck = 1000;
				LastUpgradeCheck = 1000;
				ORGANIZATIONNAME = "Angel Sandoval";
				TargetAttributes = {
					612AE4F8219F884A00AC55CB = {
						CreatedOnToolsVersion = 10.0;
					};
					612AE50C219F884C00AC55CB = {
						CreatedOnToolsVersion = 10.0;
						TestTargetID = 612AE4F8219F884A00AC55CB;
					};
					612AE517219F884C00AC55CB = {
						CreatedOnToolsVersion = 10.0;
						TestTargetID = 612AE4F8219F884A00AC55CB;
					};
				};
			};
			buildConfigurationList = 612AE4F4219F884A00AC55CB /* Build configuration list for PBXProject "FrickrSearch" */;
			compatibilityVersion = "Xcode 9.3";
			developmentRegion = en;
			hasScannedForEncodings = 0;
			knownRegions = (
				en,
				Base,
			);
			mainGroup = 612AE4F0219F884A00AC55CB;
			productRefGroup = 612AE4FA219F884B00AC55CB /* Products */;
			projectDirPath = "";
			projectRoot = "";
			targets = (
				612AE4F8219F884A00AC55CB /* FrickrSearch */,
				612AE50C219F884C00AC55CB /* FrickrSearchTests */,
				612AE517219F884C00AC55CB /* FrickrSearchUITests */,
			);
		};
/* End PBXProject section */

/* Begin PBXResourcesBuildPhase section */
		612AE4F7219F884A00AC55CB /* Resources */ = {
			isa = PBXResourcesBuildPhase;
			buildActionMask = 2147483647;
			files = (
				612AE507219F884C00AC55CB /* LaunchScreen.storyboard in Resources */,
				612AE504219F884C00AC55CB /* Assets.xcassets in Resources */,
				612AE502219F884B00AC55CB /* Main.storyboard in Resources */,
			);
			runOnlyForDeploymentPostprocessing = 0;
		};
		612AE50B219F884C00AC55CB /* Resources */ = {
			isa = PBXResourcesBuildPhase;
			buildActionMask = 2147483647;
			files = (
			);
			runOnlyForDeploymentPostprocessing = 0;
		};
		612AE516219F884C00AC55CB /* Resources */ = {
			isa = PBXResourcesBuildPhase;
			buildActionMask = 2147483647;
			files = (
			);
			runOnlyForDeploymentPostprocessing = 0;
		};
/* End PBXResourcesBuildPhase section */

/* Begin PBXSourcesBuildPhase section */
		612AE4F5219F884A00AC55CB /* Sources */ = {
			isa = PBXSourcesBuildPhase;
			buildActionMask = 2147483647;
			files = (
				612AE4FF219F884B00AC55CB /* ViewController.swift in Sources */,
				612AE52E219F8BDB00AC55CB /* FlickrPhoto.swift in Sources */,
				612AE52F219F8BDB00AC55CB /* Flickr.swift in Sources */,
				612AE52D219F8BDB00AC55CB /* FlickrSearchResults.swift in Sources */,
				612AE4FD219F884B00AC55CB /* AppDelegate.swift in Sources */,
			);
			runOnlyForDeploymentPostprocessing = 0;
		};
		612AE509219F884C00AC55CB /* Sources */ = {
			isa = PBXSourcesBuildPhase;
			buildActionMask = 2147483647;
			files = (
				612AE512219F884C00AC55CB /* FrickrSearchTests.swift in Sources */,
			);
			runOnlyForDeploymentPostprocessing = 0;
		};
		612AE514219F884C00AC55CB /* Sources */ = {
			isa = PBXSourcesBuildPhase;
			buildActionMask = 2147483647;
			files = (
				612AE51D219F884C00AC55CB /* FrickrSearchUITests.swift in Sources */,
			);
			runOnlyForDeploymentPostprocessing = 0;
		};
/* End PBXSourcesBuildPhase section */

/* Begin PBXTargetDependency section */
		612AE50F219F884C00AC55CB /* PBXTargetDependency */ = {
			isa = PBXTargetDependency;
			target = 612AE4F8219F884A00AC55CB /* FrickrSearch */;
			targetProxy = 612AE50E219F884C00AC55CB /* PBXContainerItemProxy */;
		};
		612AE51A219F884C00AC55CB /* PBXTargetDependency */ = {
			isa = PBXTargetDependency;
			target = 612AE4F8219F884A00AC55CB /* FrickrSearch */;
			targetProxy = 612AE519219F884C00AC55CB /* PBXContainerItemProxy */;
		};
/* End PBXTargetDependency section */

/* Begin PBXVariantGroup section */
		612AE500219F884B00AC55CB /* Main.storyboard */ = {
			isa = PBXVariantGroup;
			children = (
				612AE501219F884B00AC55CB /* Base */,
			);
			name = Main.storyboard;
			sourceTree = "<group>";
		};
		612AE505219F884C00AC55CB /* LaunchScreen.storyboard */ = {
			isa = PBXVariantGroup;
			children = (
				612AE506219F884C00AC55CB /* Base */,
			);
			name = LaunchScreen.storyboard;
			sourceTree = "<group>";
		};
/* End PBXVariantGroup section */

/* Begin XCBuildConfiguration section */
		612AE51F219F884C00AC55CB /* Debug */ = {
			isa = XCBuildConfiguration;
			buildSettings = {
				ALWAYS_SEARCH_USER_PATHS = NO;
				CLANG_ANALYZER_NONNULL = YES;
				CLANG_ANALYZER_NUMBER_OBJECT_CONVERSION = YES_AGGRESSIVE;
				CLANG_CXX_LANGUAGE_STANDARD = "gnu++14";
				CLANG_CXX_LIBRARY = "libc++";
				CLANG_ENABLE_MODULES = YES;
				CLANG_ENABLE_OBJC_ARC = YES;
				CLANG_ENABLE_OBJC_WEAK = YES;
				CLANG_WARN_BLOCK_CAPTURE_AUTORELEASING = YES;
				CLANG_WARN_BOOL_CONVERSION = YES;
				CLANG_WARN_COMMA = YES;
				CLANG_WARN_CONSTANT_CONVERSION = YES;
				CLANG_WARN_DEPRECATED_OBJC_IMPLEMENTATIONS = YES;
				CLANG_WARN_DIRECT_OBJC_ISA_USAGE = YES_ERROR;
				CLANG_WARN_DOCUMENTATION_COMMENTS = YES;
				CLANG_WARN_EMPTY_BODY = YES;
				CLANG_WARN_ENUM_CONVERSION = YES;
				CLANG_WARN_INFINITE_RECURSION = YES;
				CLANG_WARN_INT_CONVERSION = YES;
				CLANG_WARN_NON_LITERAL_NULL_CONVERSION = YES;
				CLANG_WARN_OBJC_IMPLICIT_RETAIN_SELF = YES;
				CLANG_WARN_OBJC_LITERAL_CONVERSION = YES;
				CLANG_WARN_OBJC_ROOT_CLASS = YES_ERROR;
				CLANG_WARN_RANGE_LOOP_ANALYSIS = YES;
				CLANG_WARN_STRICT_PROTOTYPES = YES;
				CLANG_WARN_SUSPICIOUS_MOVE = YES;
				CLANG_WARN_UNGUARDED_AVAILABILITY = YES_AGGRESSIVE;
				CLANG_WARN_UNREACHABLE_CODE = YES;
				CLANG_WARN__DUPLICATE_METHOD_MATCH = YES;
				CODE_SIGN_IDENTITY = "iPhone Developer";
				COPY_PHASE_STRIP = NO;
				DEBUG_INFORMATION_FORMAT = dwarf;
				ENABLE_STRICT_OBJC_MSGSEND = YES;
				ENABLE_TESTABILITY = YES;
				GCC_C_LANGUAGE_STANDARD = gnu11;
				GCC_DYNAMIC_NO_PIC = NO;
				GCC_NO_COMMON_BLOCKS = YES;
				GCC_OPTIMIZATION_LEVEL = 0;
				GCC_PREPROCESSOR_DEFINITIONS = (
					"DEBUG=1",
					"$(inherited)",
				);
				GCC_WARN_64_TO_32_BIT_CONVERSION = YES;
				GCC_WARN_ABOUT_RETURN_TYPE = YES_ERROR;
				GCC_WARN_UNDECLARED_SELECTOR = YES;
				GCC_WARN_UNINITIALIZED_AUTOS = YES_AGGRESSIVE;
				GCC_WARN_UNUSED_FUNCTION = YES;
				GCC_WARN_UNUSED_VARIABLE = YES;
				IPHONEOS_DEPLOYMENT_TARGET = 12.0;
				MTL_ENABLE_DEBUG_INFO = INCLUDE_SOURCE;
				MTL_FAST_MATH = YES;
				ONLY_ACTIVE_ARCH = YES;
				SDKROOT = iphoneos;
				SWIFT_ACTIVE_COMPILATION_CONDITIONS = DEBUG;
				SWIFT_OPTIMIZATION_LEVEL = "-Onone";
			};
			name = Debug;
		};
		612AE520219F884C00AC55CB /* Release */ = {
			isa = XCBuildConfiguration;
			buildSettings = {
				ALWAYS_SEARCH_USER_PATHS = NO;
				CLANG_ANALYZER_NONNULL = YES;
				CLANG_ANALYZER_NUMBER_OBJECT_CONVERSION = YES_AGGRESSIVE;
				CLANG_CXX_LANGUAGE_STANDARD = "gnu++14";
				CLANG_CXX_LIBRARY = "libc++";
				CLANG_ENABLE_MODULES = YES;
				CLANG_ENABLE_OBJC_ARC = YES;
				CLANG_ENABLE_OBJC_WEAK = YES;
				CLANG_WARN_BLOCK_CAPTURE_AUTORELEASING = YES;
				CLANG_WARN_BOOL_CONVERSION = YES;
				CLANG_WARN_COMMA = YES;
				CLANG_WARN_CONSTANT_CONVERSION = YES;
				CLANG_WARN_DEPRECATED_OBJC_IMPLEMENTATIONS = YES;
				CLANG_WARN_DIRECT_OBJC_ISA_USAGE = YES_ERROR;
				CLANG_WARN_DOCUMENTATION_COMMENTS = YES;
				CLANG_WARN_EMPTY_BODY = YES;
				CLANG_WARN_ENUM_CONVERSION = YES;
				CLANG_WARN_INFINITE_RECURSION = YES;
				CLANG_WARN_INT_CONVERSION = YES;
				CLANG_WARN_NON_LITERAL_NULL_CONVERSION = YES;
				CLANG_WARN_OBJC_IMPLICIT_RETAIN_SELF = YES;
				CLANG_WARN_OBJC_LITERAL_CONVERSION = YES;
				CLANG_WARN_OBJC_ROOT_CLASS = YES_ERROR;
				CLANG_WARN_RANGE_LOOP_ANALYSIS = YES;
				CLANG_WARN_STRICT_PROTOTYPES = YES;
				CLANG_WARN_SUSPICIOUS_MOVE = YES;
				CLANG_WARN_UNGUARDED_AVAILABILITY = YES_AGGRESSIVE;
				CLANG_WARN_UNREACHABLE_CODE = YES;
				CLANG_WARN__DUPLICATE_METHOD_MATCH = YES;
				CODE_SIGN_IDENTITY = "iPhone Developer";
				COPY_PHASE_STRIP = NO;
				DEBUG_INFORMATION_FORMAT = "dwarf-with-dsym";
				ENABLE_NS_ASSERTIONS = NO;
				ENABLE_STRICT_OBJC_MSGSEND = YES;
				GCC_C_LANGUAGE_STANDARD = gnu11;
				GCC_NO_COMMON_BLOCKS = YES;
				GCC_WARN_64_TO_32_BIT_CONVERSION = YES;
				GCC_WARN_ABOUT_RETURN_TYPE = YES_ERROR;
				GCC_WARN_UNDECLARED_SELECTOR = YES;
				GCC_WARN_UNINITIALIZED_AUTOS = YES_AGGRESSIVE;
				GCC_WARN_UNUSED_FUNCTION = YES;
				GCC_WARN_UNUSED_VARIABLE = YES;
				IPHONEOS_DEPLOYMENT_TARGET = 12.0;
				MTL_ENABLE_DEBUG_INFO = NO;
				MTL_FAST_MATH = YES;
				SDKROOT = iphoneos;
				SWIFT_COMPILATION_MODE = wholemodule;
				SWIFT_OPTIMIZATION_LEVEL = "-O";
				VALIDATE_PRODUCT = YES;
			};
			name = Release;
		};
		612AE522219F884C00AC55CB /* Debug */ = {
			isa = XCBuildConfiguration;
			buildSettings = {
				ASSETCATALOG_COMPILER_APPICON_NAME = AppIcon;
				CODE_SIGN_STYLE = Automatic;
				DEVELOPMENT_TEAM = QT9793UR3J;
				INFOPLIST_FILE = FrickrSearch/Info.plist;
				IPHONEOS_DEPLOYMENT_TARGET = 12.0;
				LD_RUNPATH_SEARCH_PATHS = (
					"$(inherited)",
					"@executable_path/Frameworks",
				);
				PRODUCT_BUNDLE_IDENTIFIER = angel.unam.FrickrSearch;
				PRODUCT_NAME = "$(TARGET_NAME)";
				SWIFT_VERSION = 4.2;
				TARGETED_DEVICE_FAMILY = 2;
			};
			name = Debug;
		};
		612AE523219F884C00AC55CB /* Release */ = {
			isa = XCBuildConfiguration;
			buildSettings = {
				ASSETCATALOG_COMPILER_APPICON_NAME = AppIcon;
				CODE_SIGN_STYLE = Automatic;
				DEVELOPMENT_TEAM = QT9793UR3J;
				INFOPLIST_FILE = FrickrSearch/Info.plist;
				IPHONEOS_DEPLOYMENT_TARGET = 12.0;
				LD_RUNPATH_SEARCH_PATHS = (
					"$(inherited)",
					"@executable_path/Frameworks",
				);
				PRODUCT_BUNDLE_IDENTIFIER = angel.unam.FrickrSearch;
				PRODUCT_NAME = "$(TARGET_NAME)";
				SWIFT_VERSION = 4.2;
				TARGETED_DEVICE_FAMILY = 2;
			};
			name = Release;
		};
		612AE525219F884C00AC55CB /* Debug */ = {
			isa = XCBuildConfiguration;
			buildSettings = {
				ALWAYS_EMBED_SWIFT_STANDARD_LIBRARIES = YES;
				BUNDLE_LOADER = "$(TEST_HOST)";
				CODE_SIGN_STYLE = Automatic;
				DEVELOPMENT_TEAM = QT9793UR3J;
				INFOPLIST_FILE = FrickrSearchTests/Info.plist;
				LD_RUNPATH_SEARCH_PATHS = (
					"$(inherited)",
					"@executable_path/Frameworks",
					"@loader_path/Frameworks",
				);
				PRODUCT_BUNDLE_IDENTIFIER = angel.unam.FrickrSearchTests;
				PRODUCT_NAME = "$(TARGET_NAME)";
				SWIFT_VERSION = 4.2;
				TARGETED_DEVICE_FAMILY = "1,2";
				TEST_HOST = "$(BUILT_PRODUCTS_DIR)/FrickrSearch.app/FrickrSearch";
			};
			name = Debug;
		};
		612AE526219F884C00AC55CB /* Release */ = {
			isa = XCBuildConfiguration;
			buildSettings = {
				ALWAYS_EMBED_SWIFT_STANDARD_LIBRARIES = YES;
				BUNDLE_LOADER = "$(TEST_HOST)";
				CODE_SIGN_STYLE = Automatic;
				DEVELOPMENT_TEAM = QT9793UR3J;
				INFOPLIST_FILE = FrickrSearchTests/Info.plist;
				LD_RUNPATH_SEARCH_PATHS = (
					"$(inherited)",
					"@executable_path/Frameworks",
					"@loader_path/Frameworks",
				);
				PRODUCT_BUNDLE_IDENTIFIER = angel.unam.FrickrSearchTests;
				PRODUCT_NAME = "$(TARGET_NAME)";
				SWIFT_VERSION = 4.2;
				TARGETED_DEVICE_FAMILY = "1,2";
				TEST_HOST = "$(BUILT_PRODUCTS_DIR)/FrickrSearch.app/FrickrSearch";
			};
			name = Release;
		};
		612AE528219F884C00AC55CB /* Debug */ = {
			isa = XCBuildConfiguration;
			buildSettings = {
				ALWAYS_EMBED_SWIFT_STANDARD_LIBRARIES = YES;
				CODE_SIGN_STYLE = Automatic;
				DEVELOPMENT_TEAM = QT9793UR3J;
				INFOPLIST_FILE = FrickrSearchUITests/Info.plist;
				LD_RUNPATH_SEARCH_PATHS = (
					"$(inherited)",
					"@executable_path/Frameworks",
					"@loader_path/Frameworks",
				);
				PRODUCT_BUNDLE_IDENTIFIER = angel.unam.FrickrSearchUITests;
				PRODUCT_NAME = "$(TARGET_NAME)";
				SWIFT_VERSION = 4.2;
				TARGETED_DEVICE_FAMILY = "1,2";
				TEST_TARGET_NAME = FrickrSearch;
			};
			name = Debug;
		};
		612AE529219F884C00AC55CB /* Release */ = {
			isa = XCBuildConfiguration;
			buildSettings = {
				ALWAYS_EMBED_SWIFT_STANDARD_LIBRARIES = YES;
				CODE_SIGN_STYLE = Automatic;
				DEVELOPMENT_TEAM = QT9793UR3J;
				INFOPLIST_FILE = FrickrSearchUITests/Info.plist;
				LD_RUNPATH_SEARCH_PATHS = (
					"$(inherited)",
					"@executable_path/Frameworks",
					"@loader_path/Frameworks",
				);
				PRODUCT_BUNDLE_IDENTIFIER = angel.unam.FrickrSearchUITests;
				PRODUCT_NAME = "$(TARGET_NAME)";
				SWIFT_VERSION = 4.2;
				TARGETED_DEVICE_FAMILY = "1,2";
				TEST_TARGET_NAME = FrickrSearch;
			};
			name = Release;
		};
/* End XCBuildConfiguration section */

/* Begin XCConfigurationList section */
		612AE4F4219F884A00AC55CB /* Build configuration list for PBXProject "FrickrSearch" */ = {
			isa = XCConfigurationList;
			buildConfigurations = (
				612AE51F219F884C00AC55CB /* Debug */,
				612AE520219F884C00AC55CB /* Release */,
			);
			defaultConfigurationIsVisible = 0;
			defaultConfigurationName = Release;
		};
		612AE521219F884C00AC55CB /* Build configuration list for PBXNativeTarget "FrickrSearch" */ = {
			isa = XCConfigurationList;
			buildConfigurations = (
				612AE522219F884C00AC55CB /* Debug */,
				612AE523219F884C00AC55CB /* Release */,
			);
			defaultConfigurationIsVisible = 0;
			defaultConfigurationName = Release;
		};
		612AE524219F884C00AC55CB /* Build configuration list for PBXNativeTarget "FrickrSearchTests" */ = {
			isa = XCConfigurationList;
			buildConfigurations = (
				612AE525219F884C00AC55CB /* Debug */,
				612AE526219F884C00AC55CB /* Release */,
			);
			defaultConfigurationIsVisible = 0;
			defaultConfigurationName = Release;
		};
		612AE527219F884C00AC55CB /* Build configuration list for PBXNativeTarget "FrickrSearchUITests" */ = {
			isa = XCConfigurationList;
			buildConfigurations = (
				612AE528219F884C00AC55CB /* Debug */,
				612AE529219F884C00AC55CB /* Release */,
			);
			defaultConfigurationIsVisible = 0;
			defaultConfigurationName = Release;
		};
/* End XCConfigurationList section */
	};
	rootObject = 612AE4F1219F884A00AC55CB /* Project object */;
}
